
Microsoft Visual Studio Solution File, Format Version 12.00
# Visual Studio Version 17
VisualStudioVersion = 17.1.32228.430
MinimumVisualStudioVersion = 10.0.40219.1
Project("{9A19103F-16F7-4668-BE54-9A1E7A4F7556}") = "Devfreela.API", "Devfreela.API\Devfreela.API.csproj", "{58963258-5417-44C4-A3EA-39A7A1BF1D66}"
EndProject
Project("{9A19103F-16F7-4668-BE54-9A1E7A4F7556}") = "Devfreela.Aplication", "Devfreela.Aplication\Devfreela.Aplication.csproj", "{176EBE42-662F-420E-9A74-0E5138CFC572}"
EndProject
Project("{9A19103F-16F7-4668-BE54-9A1E7A4F7556}") = "Devfreela.Core", "Devfreela.Core\Devfreela.Core.csproj", "{56727742-BC7F-4A24-A3A2-D18658640215}"
EndProject
Project("{9A19103F-16F7-4668-BE54-9A1E7A4F7556}") = "Devfreela.Infrastructure", "Devfreela.Infrastructure\Devfreela.Infrastructure.csproj", "{2EE07239-3368-4061-8826-611FA42511CB}"
EndProject
Project("{9A19103F-16F7-4668-BE54-9A1E7A4F7556}") = "Devfreela.Test", "DevFreela.Test\Devfreela.Test.csproj", "{4348D1CE-DAE1-4910-97CC-D82DFF2AA484}"
EndProject
Project("{9A19103F-16F7-4668-BE54-9A1E7A4F7556}") = "Devfreela.Shared", "DevFreela.Shared\Devfreela.Shared.csproj", "{AEF3CA8E-BCDF-4BCD-A284-B09D8CC2D495}"
EndProject
Global
	GlobalSection(SolutionConfigurationPlatforms) = preSolution
		Debug|Any CPU = Debug|Any CPU
		Release|Any CPU = Release|Any CPU
	EndGlobalSection
	GlobalSection(ProjectConfigurationPlatforms) = postSolution
		{58963258-5417-44C4-A3EA-39A7A1BF1D66}.Debug|Any CPU.ActiveCfg = Debug|Any CPU
		{58963258-5417-44C4-A3EA-39A7A1BF1D66}.Debug|Any CPU.Build.0 = Debug|Any CPU
		{58963258-5417-44C4-A3EA-39A7A1BF1D66}.Release|Any CPU.ActiveCfg = Release|Any CPU
		{58963258-5417-44C4-A3EA-39A7A1BF1D66}.Release|Any CPU.Build.0 = Release|Any CPU
		{176EBE42-662F-420E-9A74-0E5138CFC572}.Debug|Any CPU.ActiveCfg = Debug|Any CPU
		{176EBE42-662F-420E-9A74-0E5138CFC572}.Debug|Any CPU.Build.0 = Debug|Any CPU
		{176EBE42-662F-420E-9A74-0E5138CFC572}.Release|Any CPU.ActiveCfg = Release|Any CPU
		{176EBE42-662F-420E-9A74-0E5138CFC572}.Release|Any CPU.Build.0 = Release|Any CPU
		{56727742-BC7F-4A24-A3A2-D18658640215}.Debug|Any CPU.ActiveCfg = Debug|Any CPU
		{56727742-BC7F-4A24-A3A2-D18658640215}.Debug|Any CPU.Build.0 = Debug|Any CPU
		{56727742-BC7F-4A24-A3A2-D18658640215}.Release|Any CPU.ActiveCfg = Release|Any CPU
		{56727742-BC7F-4A24-A3A2-D18658640215}.Release|Any CPU.Build.0 = Release|Any CPU
		{2EE07239-3368-4061-8826-611FA42511CB}.Debug|Any CPU.ActiveCfg = Debug|Any CPU
		{2EE07239-3368-4061-8826-611FA42511CB}.Debug|Any CPU.Build.0 = Debug|Any CPU
		{2EE07239-3368-4061-8826-611FA42511CB}.Release|Any CPU.ActiveCfg = Release|Any CPU
		{2EE07239-3368-4061-8826-611FA42511CB}.Release|Any CPU.Build.0 = Release|Any CPU
		{4348D1CE-DAE1-4910-97CC-D82DFF2AA484}.Debug|Any CPU.ActiveCfg = Debug|Any CPU
		{4348D1CE-DAE1-4910-97CC-D82DFF2AA484}.Debug|Any CPU.Build.0 = Debug|Any CPU
		{4348D1CE-DAE1-4910-97CC-D82DFF2AA484}.Release|Any CPU.ActiveCfg = Release|Any CPU
		{4348D1CE-DAE1-4910-97CC-D82DFF2AA484}.Release|Any CPU.Build.0 = Release|Any CPU
		{AEF3CA8E-BCDF-4BCD-A284-B09D8CC2D495}.Debug|Any CPU.ActiveCfg = Debug|Any CPU
		{AEF3CA8E-BCDF-4BCD-A284-B09D8CC2D495}.Debug|Any CPU.Build.0 = Debug|Any CPU
		{AEF3CA8E-BCDF-4BCD-A284-B09D8CC2D495}.Release|Any CPU.ActiveCfg = Release|Any CPU
		{AEF3CA8E-BCDF-4BCD-A284-B09D8CC2D495}.Release|Any CPU.Build.0 = Release|Any CPU
	EndGlobalSection
	GlobalSection(SolutionProperties) = preSolution
		HideSolutionNode = FALSE
	EndGlobalSection
	GlobalSection(ExtensibilityGlobals) = postSolution
		SolutionGuid = {1BEDA5DD-BF24-42A6-89A7-83D9109AA205}
	EndGlobalSection
EndGlobal
